
Microsoft Visual Studio Solution File, Format Version 12.00
# Visual Studio Version 16
VisualStudioVersion = 16.0.31205.134
MinimumVisualStudioVersion = 10.0.40219.1
Project("{FAE04EC0-301F-11D3-BF4B-00C04F79EFBC}") = "prakticheskaia1.2_byNeshik", "prakticheskaia1.2_byNeshik\prakticheskaia1.2_byNeshik.csproj", "{AEC7D55F-BAC7-4706-8FAF-6868B8B9A4BC}"
EndProject
Global
	GlobalSection(SolutionConfigurationPlatforms) = preSolution
		Debug|Any CPU = Debug|Any CPU
		Release|Any CPU = Release|Any CPU
	EndGlobalSection
	GlobalSection(ProjectConfigurationPlatforms) = postSolution
		{AEC7D55F-BAC7-4706-8FAF-6868B8B9A4BC}.Debug|Any CPU.ActiveCfg = Debug|Any CPU
		{AEC7D55F-BAC7-4706-8FAF-6868B8B9A4BC}.Debug|Any CPU.Build.0 = Debug|Any CPU
		{AEC7D55F-BAC7-4706-8FAF-6868B8B9A4BC}.Release|Any CPU.ActiveCfg = Release|Any CPU
		{AEC7D55F-BAC7-4706-8FAF-6868B8B9A4BC}.Release|Any CPU.Build.0 = Release|Any CPU
	EndGlobalSection
	GlobalSection(SolutionProperties) = preSolution
		HideSolutionNode = FALSE
	EndGlobalSection
	GlobalSection(ExtensibilityGlobals) = postSolution
		SolutionGuid = {5C1103EC-FC40-42A2-863F-858BAC6DEE7E}
	EndGlobalSection
EndGlobal
